// !$*UTF8*$!
{
	archiveVersion = 1;
	classes = {
	};
	objectVersion = 46;
	objects = {

/* Begin PBXBuildFile section */
		D955684619D7340000664167 /* AppDelegate.swift in Sources */ = {isa = PBXBuildFile; fileRef = D955684519D7340000664167 /* AppDelegate.swift */; };
		D955684819D7340000664167 /* ViewController.swift in Sources */ = {isa = PBXBuildFile; fileRef = D955684719D7340000664167 /* ViewController.swift */; };
		D955684B19D7340000664167 /* Main.storyboard in Resources */ = {isa = PBXBuildFile; fileRef = D955684919D7340000664167 /* Main.storyboard */; };
		D955684D19D7340000664167 /* Images.xcassets in Resources */ = {isa = PBXBuildFile; fileRef = D955684C19D7340000664167 /* Images.xcassets */; };
		D955685019D7340000664167 /* LaunchScreen.xib in Resources */ = {isa = PBXBuildFile; fileRef = D955684E19D7340000664167 /* LaunchScreen.xib */; };
		D955685C19D7340000664167 /* PostcardTests.swift in Sources */ = {isa = PBXBuildFile; fileRef = D955685B19D7340000664167 /* PostcardTests.swift */; };
		D955686B19D896ED00664167 /* AlbertEinsteinStamp.jpg in Resources */ = {isa = PBXBuildFile; fileRef = D955686919D896ED00664167 /* AlbertEinsteinStamp.jpg */; };
		D955686C19D896ED00664167 /* SagradaFamilia.jpeg in Resources */ = {isa = PBXBuildFile; fileRef = D955686A19D896ED00664167 /* SagradaFamilia.jpeg */; };
/* End PBXBuildFile section */

/* Begin PBXContainerItemProxy section */
		D955685619D7340000664167 /* PBXContainerItemProxy */ = {
			isa = PBXContainerItemProxy;
			containerPortal = D955683819D7340000664167 /* Project object */;
			proxyType = 1;
			remoteGlobalIDString = D955683F19D7340000664167;
			remoteInfo = Postcard;
		};
/* End PBXContainerItemProxy section */

/* Begin PBXFileReference section */
		D955684019D7340000664167 /* Postcard.app */ = {isa = PBXFileReference; explicitFileType = wrapper.application; includeInIndex = 0; path = Postcard.app; sourceTree = BUILT_PRODUCTS_DIR; };
		D955684419D7340000664167 /* Info.plist */ = {isa = PBXFileReference; lastKnownFileType = text.plist.xml; path = Info.plist; sourceTree = "<group>"; };
		D955684519D7340000664167 /* AppDelegate.swift */ = {isa = PBXFileReference; lastKnownFileType = sourcecode.swift; path = AppDelegate.swift; sourceTree = "<group>"; };
		D955684719D7340000664167 /* ViewController.swift */ = {isa = PBXFileReference; lastKnownFileType = sourcecode.swift; path = ViewController.swift; sourceTree = "<group>"; };
		D955684A19D7340000664167 /* Base */ = {isa = PBXFileReference; lastKnownFileType = file.storyboard; name = Base; path = Base.lproj/Main.storyboard; sourceTree = "<group>"; };
		D955684C19D7340000664167 /* Images.xcassets */ = {isa = PBXFileReference; lastKnownFileType = folder.assetcatalog; path = Images.xcassets; sourceTree = "<group>"; };
		D955684F19D7340000664167 /* Base */ = {isa = PBXFileReference; lastKnownFileType = file.xib; name = Base; path = Base.lproj/LaunchScreen.xib; sourceTree = "<group>"; };
		D955685519D7340000664167 /* PostcardTests.xctest */ = {isa = PBXFileReference; explicitFileType = wrapper.cfbundle; includeInIndex = 0; path = PostcardTests.xctest; sourceTree = BUILT_PRODUCTS_DIR; };
		D955685A19D7340000664167 /* Info.plist */ = {isa = PBXFileReference; lastKnownFileType = text.plist.xml; path = Info.plist; sourceTree = "<group>"; };
		D955685B19D7340000664167 /* PostcardTests.swift */ = {isa = PBXFileReference; lastKnownFileType = sourcecode.swift; path = PostcardTests.swift; sourceTree = "<group>"; };
		D955686919D896ED00664167 /* AlbertEinsteinStamp.jpg */ = {isa = PBXFileReference; lastKnownFileType = image.jpeg; path = AlbertEinsteinStamp.jpg; sourceTree = "<group>"; };
		D955686A19D896ED00664167 /* SagradaFamilia.jpeg */ = {isa = PBXFileReference; lastKnownFileType = image.jpeg; path = SagradaFamilia.jpeg; sourceTree = "<group>"; };
/* End PBXFileReference section */

/* Begin PBXFrameworksBuildPhase section */
		D955683D19D7340000664167 /* Frameworks */ = {
			isa = PBXFrameworksBuildPhase;
			buildActionMask = 2147483647;
			files = (
			);
			runOnlyForDeploymentPostprocessing = 0;
		};
		D955685219D7340000664167 /* Frameworks */ = {
			isa = PBXFrameworksBuildPhase;
			buildActionMask = 2147483647;
			files = (
			);
			runOnlyForDeploymentPostprocessing = 0;
		};
/* End PBXFrameworksBuildPhase section */

/* Begin PBXGroup section */
		D955683719D7340000664167 = {
			isa = PBXGroup;
			children = (
				D955684219D7340000664167 /* Postcard */,
				D955685819D7340000664167 /* PostcardTests */,
				D955684119D7340000664167 /* Products */,
			);
			sourceTree = "<group>";
		};
		D955684119D7340000664167 /* Products */ = {
			isa = PBXGroup;
			children = (
				D955684019D7340000664167 /* Postcard.app */,
				D955685519D7340000664167 /* PostcardTests.xctest */,
			);
			name = Products;
			sourceTree = "<group>";
		};
		D955684219D7340000664167 /* Postcard */ = {
			isa = PBXGroup;
			children = (
				D955684519D7340000664167 /* AppDelegate.swift */,
				D955684719D7340000664167 /* ViewController.swift */,
				D955684919D7340000664167 /* Main.storyboard */,
				D955684C19D7340000664167 /* Images.xcassets */,
				D955684E19D7340000664167 /* LaunchScreen.xib */,
				D955684319D7340000664167 /* Supporting Files */,
			);
			path = Postcard;
			sourceTree = "<group>";
		};
		D955684319D7340000664167 /* Supporting Files */ = {
			isa = PBXGroup;
			children = (
				D955686919D896ED00664167 /* AlbertEinsteinStamp.jpg */,
				D955686A19D896ED00664167 /* SagradaFamilia.jpeg */,
				D955684419D7340000664167 /* Info.plist */,
			);
			name = "Supporting Files";
			sourceTree = "<group>";
		};
		D955685819D7340000664167 /* PostcardTests */ = {
			isa = PBXGroup;
			children = (
				D955685B19D7340000664167 /* PostcardTests.swift */,
				D955685919D7340000664167 /* Supporting Files */,
			);
			path = PostcardTests;
			sourceTree = "<group>";
		};
		D955685919D7340000664167 /* Supporting Files */ = {
			isa = PBXGroup;
			children = (
				D955685A19D7340000664167 /* Info.plist */,
			);
			name = "Supporting Files";
			sourceTree = "<group>";
		};
/* End PBXGroup section */

/* Begin PBXNativeTarget section */
		D955683F19D7340000664167 /* Postcard */ = {
			isa = PBXNativeTarget;
			buildConfigurationList = D955685F19D7340000664167 /* Build configuration list for PBXNativeTarget "Postcard" */;
			buildPhases = (
				D955683C19D7340000664167 /* Sources */,
				D955683D19D7340000664167 /* Frameworks */,
				D955683E19D7340000664167 /* Resources */,
			);
			buildRules = (
			);
			dependencies = (
			);
			name = Postcard;
			productName = Postcard;
			productReference = D955684019D7340000664167 /* Postcard.app */;
			productType = "com.apple.product-type.application";
		};
		D955685419D7340000664167 /* PostcardTests */ = {
			isa = PBXNativeTarget;
			buildConfigurationList = D955686219D7340000664167 /* Build configuration list for PBXNativeTarget "PostcardTests" */;
			buildPhases = (
				D955685119D7340000664167 /* Sources */,
				D955685219D7340000664167 /* Frameworks */,
				D955685319D7340000664167 /* Resources */,
			);
			buildRules = (
			);
			dependencies = (
				D955685719D7340000664167 /* PBXTargetDependency */,
			);
			name = PostcardTests;
			productName = PostcardTests;
			productReference = D955685519D7340000664167 /* PostcardTests.xctest */;
			productType = "com.apple.product-type.bundle.unit-test";
		};
/* End PBXNativeTarget section */

/* Begin PBXProject section */
		D955683819D7340000664167 /* Project object */ = {
			isa = PBXProject;
			attributes = {
				LastUpgradeCheck = 0600;
				ORGANIZATIONNAME = "Creative Uroborus";
				TargetAttributes = {
					D955683F19D7340000664167 = {
						CreatedOnToolsVersion = 6.0.1;
					};
					D955685419D7340000664167 = {
						CreatedOnToolsVersion = 6.0.1;
						TestTargetID = D955683F19D7340000664167;
					};
				};
			};
			buildConfigurationList = D955683B19D7340000664167 /* Build configuration list for PBXProject "Postcard" */;
			compatibilityVersion = "Xcode 3.2";
			developmentRegion = English;
			hasScannedForEncodings = 0;
			knownRegions = (
				en,
				Base,
			);
			mainGroup = D955683719D7340000664167;
			productRefGroup = D955684119D7340000664167 /* Products */;
			projectDirPath = "";
			projectRoot = "";
			targets = (
				D955683F19D7340000664167 /* Postcard */,
				D955685419D7340000664167 /* PostcardTests */,
			);
		};
/* End PBXProject section */

/* Begin PBXResourcesBuildPhase section */
		D955683E19D7340000664167 /* Resources */ = {
			isa = PBXResourcesBuildPhase;
			buildActionMask = 2147483647;
			files = (
				D955686B19D896ED00664167 /* AlbertEinsteinStamp.jpg in Resources */,
				D955684B19D7340000664167 /* Main.storyboard in Resources */,
				D955685019D7340000664167 /* LaunchScreen.xib in Resources */,
				D955684D19D7340000664167 /* Images.xcassets in Resources */,
				D955686C19D896ED00664167 /* SagradaFamilia.jpeg in Resources */,
			);
			runOnlyForDeploymentPostprocessing = 0;
		};
		D955685319D7340000664167 /* Resources */ = {
			isa = PBXResourcesBuildPhase;
			buildActionMask = 2147483647;
			files = (
			);
			runOnlyForDeploymentPostprocessing = 0;
		};
/* End PBXResourcesBuildPhase section */

/* Begin PBXSourcesBuildPhase section */
		D955683C19D7340000664167 /* Sources */ = {
			isa = PBXSourcesBuildPhase;
			buildActionMask = 2147483647;
			files = (
				D955684819D7340000664167 /* ViewController.swift in Sources */,
				D955684619D7340000664167 /* AppDelegate.swift in Sources */,
			);
			runOnlyForDeploymentPostprocessing = 0;
		};
		D955685119D7340000664167 /* Sources */ = {
			isa = PBXSourcesBuildPhase;
			buildActionMask = 2147483647;
			files = (
				D955685C19D7340000664167 /* PostcardTests.swift in Sources */,
			);
			runOnlyForDeploymentPostprocessing = 0;
		};
/* End PBXSourcesBuildPhase section */

/* Begin PBXTargetDependency section */
		D955685719D7340000664167 /* PBXTargetDependency */ = {
			isa = PBXTargetDependency;
			target = D955683F19D7340000664167 /* Postcard */;
			targetProxy = D955685619D7340000664167 /* PBXContainerItemProxy */;
		};
/* End PBXTargetDependency section */

/* Begin PBXVariantGroup section */
		D955684919D7340000664167 /* Main.storyboard */ = {
			isa = PBXVariantGroup;
			children = (
				D955684A19D7340000664167 /* Base */,
			);
			name = Main.storyboard;
			sourceTree = "<group>";
		};
		D955684E19D7340000664167 /* LaunchScreen.xib */ = {
			isa = PBXVariantGroup;
			children = (
				D955684F19D7340000664167 /* Base */,
			);
			name = LaunchScreen.xib;
			sourceTree = "<group>";
		};
/* End PBXVariantGroup section */

/* Begin XCBuildConfiguration section */
		D955685D19D7340000664167 /* Debug */ = {
			isa = XCBuildConfiguration;
			buildSettings = {
				ALWAYS_SEARCH_USER_PATHS = NO;
				CLANG_CXX_LANGUAGE_STANDARD = "gnu++0x";
				CLANG_CXX_LIBRARY = "libc++";
				CLANG_ENABLE_MODULES = YES;
				CLANG_ENABLE_OBJC_ARC = YES;
				CLANG_WARN_BOOL_CONVERSION = YES;
				CLANG_WARN_CONSTANT_CONVERSION = YES;
				CLANG_WARN_DIRECT_OBJC_ISA_USAGE = YES_ERROR;
				CLANG_WARN_EMPTY_BODY = YES;
				CLANG_WARN_ENUM_CONVERSION = YES;
				CLANG_WARN_INT_CONVERSION = YES;
				CLANG_WARN_OBJC_ROOT_CLASS = YES_ERROR;
				CLANG_WARN_UNREACHABLE_CODE = YES;
				CLANG_WARN__DUPLICATE_METHOD_MATCH = YES;
				"CODE_SIGN_IDENTITY[sdk=iphoneos*]" = "iPhone Developer";
				COPY_PHASE_STRIP = NO;
				ENABLE_STRICT_OBJC_MSGSEND = YES;
				GCC_C_LANGUAGE_STANDARD = gnu99;
				GCC_DYNAMIC_NO_PIC = NO;
				GCC_OPTIMIZATION_LEVEL = 0;
				GCC_PREPROCESSOR_DEFINITIONS = (
					"DEBUG=1",
					"$(inherited)",
				);
				GCC_SYMBOLS_PRIVATE_EXTERN = NO;
				GCC_WARN_64_TO_32_BIT_CONVERSION = YES;
				GCC_WARN_ABOUT_RETURN_TYPE = YES_ERROR;
				GCC_WARN_UNDECLARED_SELECTOR = YES;
				GCC_WARN_UNINITIALIZED_AUTOS = YES_AGGRESSIVE;
				GCC_WARN_UNUSED_FUNCTION = YES;
				GCC_WARN_UNUSED_VARIABLE = YES;
				IPHONEOS_DEPLOYMENT_TARGET = 8.0;
				MTL_ENABLE_DEBUG_INFO = YES;
				ONLY_ACTIVE_ARCH = YES;
				SDKROOT = iphoneos;
				SWIFT_OPTIMIZATION_LEVEL = "-Onone";
			};
			name = Debug;
		};
		D955685E19D7340000664167 /* Release */ = {
			isa = XCBuildConfiguration;
			buildSettings = {
				ALWAYS_SEARCH_USER_PATHS = NO;
				CLANG_CXX_LANGUAGE_STANDARD = "gnu++0x";
				CLANG_CXX_LIBRARY = "libc++";
				CLANG_ENABLE_MODULES = YES;
				CLANG_ENABLE_OBJC_ARC = YES;
				CLANG_WARN_BOOL_CONVERSION = YES;
				CLANG_WARN_CONSTANT_CONVERSION = YES;
				CLANG_WARN_DIRECT_OBJC_ISA_USAGE = YES_ERROR;
				CLANG_WARN_EMPTY_BODY = YES;
				CLANG_WARN_ENUM_CONVERSION = YES;
				CLANG_WARN_INT_CONVERSION = YES;
				CLANG_WARN_OBJC_ROOT_CLASS = YES_ERROR;
				CLANG_WARN_UNREACHABLE_CODE = YES;
				CLANG_WARN__DUPLICATE_METHOD_MATCH = YES;
				"CODE_SIGN_IDENTITY[sdk=iphoneos*]" = "iPhone Developer";
				COPY_PHASE_STRIP = YES;
				ENABLE_NS_ASSERTIONS = NO;
				ENABLE_STRICT_OBJC_MSGSEND = YES;
				GCC_C_LANGUAGE_STANDARD = gnu99;
				GCC_WARN_64_TO_32_BIT_CONVERSION = YES;
				GCC_WARN_ABOUT_RETURN_TYPE = YES_ERROR;
				GCC_WARN_UNDECLARED_SELECTOR = YES;
				GCC_WARN_UNINITIALIZED_AUTOS = YES_AGGRESSIVE;
				GCC_WARN_UNUSED_FUNCTION = YES;
				GCC_WARN_UNUSED_VARIABLE = YES;
				IPHONEOS_DEPLOYMENT_TARGET = 8.0;
				MTL_ENABLE_DEBUG_INFO = NO;
				SDKROOT = iphoneos;
				VALIDATE_PRODUCT = YES;
			};
			name = Release;
		};
		D955686019D7340000664167 /* Debug */ = {
			isa = XCBuildConfiguration;
			buildSettings = {
				ASSETCATALOG_COMPILER_APPICON_NAME = AppIcon;
				INFOPLIST_FILE = Postcard/Info.plist;
				LD_RUNPATH_SEARCH_PATHS = "$(inherited) @executable_path/Frameworks";
				PRODUCT_NAME = "$(TARGET_NAME)";
			};
			name = Debug;
		};
		D955686119D7340000664167 /* Release */ = {
			isa = XCBuildConfiguration;
			buildSettings = {
				ASSETCATALOG_COMPILER_APPICON_NAME = AppIcon;
				INFOPLIST_FILE = Postcard/Info.plist;
				LD_RUNPATH_SEARCH_PATHS = "$(inherited) @executable_path/Frameworks";
				PRODUCT_NAME = "$(TARGET_NAME)";
			};
			name = Release;
		};
		D955686319D7340000664167 /* Debug */ = {
			isa = XCBuildConfiguration;
			buildSettings = {
				BUNDLE_LOADER = "$(TEST_HOST)";
				FRAMEWORK_SEARCH_PATHS = (
					"$(SDKROOT)/Developer/Library/Frameworks",
					"$(inherited)",
				);
				GCC_PREPROCESSOR_DEFINITIONS = (
					"DEBUG=1",
					"$(inherited)",
				);
				INFOPLIST_FILE = PostcardTests/Info.plist;
				LD_RUNPATH_SEARCH_PATHS = "$(inherited) @executable_path/Frameworks @loader_path/Frameworks";
				PRODUCT_NAME = "$(TARGET_NAME)";
				TEST_HOST = "$(BUILT_PRODUCTS_DIR)/Postcard.app/Postcard";
			};
			name = Debug;
		};
		D955686419D7340000664167 /* Release */ = {
			isa = XCBuildConfiguration;
			buildSettings = {
				BUNDLE_LOADER = "$(TEST_HOST)";
				FRAMEWORK_SEARCH_PATHS = (
					"$(SDKROOT)/Developer/Library/Frameworks",
					"$(inherited)",
				);
				INFOPLIST_FILE = PostcardTests/Info.plist;
				LD_RUNPATH_SEARCH_PATHS = "$(inherited) @executable_path/Frameworks @loader_path/Frameworks";
				PRODUCT_NAME = "$(TARGET_NAME)";
				TEST_HOST = "$(BUILT_PRODUCTS_DIR)/Postcard.app/Postcard";
			};
			name = Release;
		};
/* End XCBuildConfiguration section */

/* Begin XCConfigurationList section */
		D955683B19D7340000664167 /* Build configuration list for PBXProject "Postcard" */ = {
			isa = XCConfigurationList;
			buildConfigurations = (
				D955685D19D7340000664167 /* Debug */,
				D955685E19D7340000664167 /* Release */,
			);
			defaultConfigurationIsVisible = 0;
			defaultConfigurationName = Release;
		};
		D955685F19D7340000664167 /* Build configuration list for PBXNativeTarget "Postcard" */ = {
			isa = XCConfigurationList;
			buildConfigurations = (
				D955686019D7340000664167 /* Debug */,
				D955686119D7340000664167 /* Release */,
			);
			defaultConfigurationIsVisible = 0;
			defaultConfigurationName = Release;
		};
		D955686219D7340000664167 /* Build configuration list for PBXNativeTarget "PostcardTests" */ = {
			isa = XCConfigurationList;
			buildConfigurations = (
				D955686319D7340000664167 /* Debug */,
				D955686419D7340000664167 /* Release */,
			);
			defaultConfigurationIsVisible = 0;
			defaultConfigurationName = Release;
		};
/* End XCConfigurationList section */
	};
	rootObject = D955683819D7340000664167 /* Project object */;
}
